
Microsoft Visual Studio Solution File, Format Version 12.00
# Visual Studio Version 16
VisualStudioVersion = 16.0.30128.74
MinimumVisualStudioVersion = 10.0.40219.1
Project("{FAE04EC0-301F-11D3-BF4B-00C04F79EFBC}") = "RRTools", "RRTools\RRTools.csproj", "{9E29C2C3-D315-4C6F-9DED-5BBE20D790EC}"
EndProject
Global
	GlobalSection(SolutionConfigurationPlatforms) = preSolution
		Debug|Any CPU = Debug|Any CPU
		Release|Any CPU = Release|Any CPU
	EndGlobalSection
	GlobalSection(ProjectConfigurationPlatforms) = postSolution
		{9E29C2C3-D315-4C6F-9DED-5BBE20D790EC}.Debug|Any CPU.ActiveCfg = Debug|Any CPU
		{9E29C2C3-D315-4C6F-9DED-5BBE20D790EC}.Debug|Any CPU.Build.0 = Debug|Any CPU
		{9E29C2C3-D315-4C6F-9DED-5BBE20D790EC}.Release|Any CPU.ActiveCfg = Release|Any CPU
		{9E29C2C3-D315-4C6F-9DED-5BBE20D790EC}.Release|Any CPU.Build.0 = Release|Any CPU
	EndGlobalSection
	GlobalSection(SolutionProperties) = preSolution
		HideSolutionNode = FALSE
	EndGlobalSection
	GlobalSection(ExtensibilityGlobals) = postSolution
		SolutionGuid = {FD5476F7-3413-443B-B16E-6AEDAF1B8153}
	EndGlobalSection
EndGlobal
